
Microsoft Visual Studio Solution File, Format Version 12.00
# Visual Studio Version 17
VisualStudioVersion = 17.10.35004.147
MinimumVisualStudioVersion = 10.0.40219.1
Project("{FAE04EC0-301F-11D3-BF4B-00C04F79EFBC}") = "AzureManagementSystem.Api", "src\AzureManagementSystem.Api\AzureManagementSystem.Api.csproj", "{0D830AC5-A20F-4668-BC0B-EAEF24B3770D}"
EndProject
Global
	GlobalSection(SolutionConfigurationPlatforms) = preSolution
		Debug|Any CPU = Debug|Any CPU
		Release|Any CPU = Release|Any CPU
	EndGlobalSection
	GlobalSection(ProjectConfigurationPlatforms) = postSolution
		{0D830AC5-A20F-4668-BC0B-EAEF24B3770D}.Debug|Any CPU.ActiveCfg = Debug|Any CPU
		{0D830AC5-A20F-4668-BC0B-EAEF24B3770D}.Debug|Any CPU.Build.0 = Debug|Any CPU
		{0D830AC5-A20F-4668-BC0B-EAEF24B3770D}.Release|Any CPU.ActiveCfg = Release|Any CPU
		{0D830AC5-A20F-4668-BC0B-EAEF24B3770D}.Release|Any CPU.Build.0 = Release|Any CPU
	EndGlobalSection
	GlobalSection(SolutionProperties) = preSolution
		HideSolutionNode = FALSE
	EndGlobalSection
	GlobalSection(ExtensibilityGlobals) = postSolution
		SolutionGuid = {0CA6A22A-8CE8-47CF-A1B3-04C00DFADF89}
	EndGlobalSection
EndGlobal
